
Microsoft Visual Studio Solution File, Format Version 12.00
# Visual Studio Version 17
VisualStudioVersion = 17.11.35312.102
MinimumVisualStudioVersion = 10.0.40219.1
Project("{FAE04EC0-301F-11D3-BF4B-00C04F79EFBC}") = "WebApiAuthorization", "WebApiAuthorization\WebApiAuthorization.csproj", "{DA9314B3-DA2F-48F1-A046-2B54117566AE}"
EndProject
Global
	GlobalSection(SolutionConfigurationPlatforms) = preSolution
		Debug|Any CPU = Debug|Any CPU
		Release|Any CPU = Release|Any CPU
	EndGlobalSection
	GlobalSection(ProjectConfigurationPlatforms) = postSolution
		{DA9314B3-DA2F-48F1-A046-2B54117566AE}.Debug|Any CPU.ActiveCfg = Debug|Any CPU
		{DA9314B3-DA2F-48F1-A046-2B54117566AE}.Debug|Any CPU.Build.0 = Debug|Any CPU
		{DA9314B3-DA2F-48F1-A046-2B54117566AE}.Release|Any CPU.ActiveCfg = Release|Any CPU
		{DA9314B3-DA2F-48F1-A046-2B54117566AE}.Release|Any CPU.Build.0 = Release|Any CPU
	EndGlobalSection
	GlobalSection(SolutionProperties) = preSolution
		HideSolutionNode = FALSE
	EndGlobalSection
	GlobalSection(ExtensibilityGlobals) = postSolution
		SolutionGuid = {8484CCD4-E6DA-4AAB-8086-CC7C919298A2}
	EndGlobalSection
EndGlobal
